
Microsoft Visual Studio Solution File, Format Version 12.00
# Visual Studio Version 17
VisualStudioVersion = 17.4.33213.308
MinimumVisualStudioVersion = 10.0.40219.1
Project("{FAE04EC0-301F-11D3-BF4B-00C04F79EFBC}") = "bookStoreWithCount", "bookStoreWithCount\bookStoreWithCount.csproj", "{9989E1B4-6E85-4F37-ABA4-1D07E1725021}"
EndProject
Global
	GlobalSection(SolutionConfigurationPlatforms) = preSolution
		Debug|Any CPU = Debug|Any CPU
		Release|Any CPU = Release|Any CPU
	EndGlobalSection
	GlobalSection(ProjectConfigurationPlatforms) = postSolution
		{9989E1B4-6E85-4F37-ABA4-1D07E1725021}.Debug|Any CPU.ActiveCfg = Debug|Any CPU
		{9989E1B4-6E85-4F37-ABA4-1D07E1725021}.Debug|Any CPU.Build.0 = Debug|Any CPU
		{9989E1B4-6E85-4F37-ABA4-1D07E1725021}.Release|Any CPU.ActiveCfg = Release|Any CPU
		{9989E1B4-6E85-4F37-ABA4-1D07E1725021}.Release|Any CPU.Build.0 = Release|Any CPU
	EndGlobalSection
	GlobalSection(SolutionProperties) = preSolution
		HideSolutionNode = FALSE
	EndGlobalSection
	GlobalSection(ExtensibilityGlobals) = postSolution
		SolutionGuid = {1AD8401B-6476-430A-9378-9AB51CA12997}
	EndGlobalSection
EndGlobal
